
Microsoft Visual Studio Solution File, Format Version 12.00
# Visual Studio 2013
VisualStudioVersion = 12.0.40629.0
MinimumVisualStudioVersion = 10.0.40219.1
Project("{2150E333-8FDC-42A3-9474-1A3956D46DE8}") = "src", "src", "{523AC900-F961-4C9A-82BF-02BCDC25DC6A}"
EndProject
Project("{FAE04EC0-301F-11D3-BF4B-00C04F79EFBC}") = "Hinata.Core", "src\Hinata.Core\Hinata.Core.csproj", "{FACFF378-1128-4CC6-B586-75E48853D54A}"
EndProject
Project("{2150E333-8FDC-42A3-9474-1A3956D46DE8}") = "test", "test", "{68A4DBBC-E799-4066-8BDF-238E6296888A}"
EndProject
Project("{FAE04EC0-301F-11D3-BF4B-00C04F79EFBC}") = "Hinata.Data.Test", "Test\Hinata.Data.Test\Hinata.Data.Test.csproj", "{CC8F5242-91C1-4869-8CD7-AE6C0C811956}"
EndProject
Project("{FAE04EC0-301F-11D3-BF4B-00C04F79EFBC}") = "Hinata.WebApp", "src\Hinata.WebApp\Hinata.WebApp.csproj", "{29F74534-FB17-4BF8-BD3A-0F69532D759E}"
EndProject
Project("{FAE04EC0-301F-11D3-BF4B-00C04F79EFBC}") = "Hinata.Markdown.Test", "test\Hinata.Markdown.Test\Hinata.Markdown.Test.csproj", "{9C7E416F-9BF4-477B-9869-F50DAB9D8546}"
EndProject
Project("{FAE04EC0-301F-11D3-BF4B-00C04F79EFBC}") = "Hinata.Search.Test", "test\Hinata.Search.Test\Hinata.Search.Test.csproj", "{7C3C0846-9C6B-4323-85BA-5DCD0F5B2F4B}"
EndProject
Project("{FAE04EC0-301F-11D3-BF4B-00C04F79EFBC}") = "Hinata.WebJobs", "src\Hinata.WebJobs\Hinata.WebJobs.csproj", "{800CD950-5073-463A-B2BE-089C13848C55}"
EndProject
Global
	GlobalSection(SolutionConfigurationPlatforms) = preSolution
		Debug|Any CPU = Debug|Any CPU
		Release|Any CPU = Release|Any CPU
	EndGlobalSection
	GlobalSection(ProjectConfigurationPlatforms) = postSolution
		{FACFF378-1128-4CC6-B586-75E48853D54A}.Debug|Any CPU.ActiveCfg = Debug|Any CPU
		{FACFF378-1128-4CC6-B586-75E48853D54A}.Debug|Any CPU.Build.0 = Debug|Any CPU
		{FACFF378-1128-4CC6-B586-75E48853D54A}.Release|Any CPU.ActiveCfg = Release|Any CPU
		{FACFF378-1128-4CC6-B586-75E48853D54A}.Release|Any CPU.Build.0 = Release|Any CPU
		{CC8F5242-91C1-4869-8CD7-AE6C0C811956}.Debug|Any CPU.ActiveCfg = Debug|Any CPU
		{CC8F5242-91C1-4869-8CD7-AE6C0C811956}.Debug|Any CPU.Build.0 = Debug|Any CPU
		{CC8F5242-91C1-4869-8CD7-AE6C0C811956}.Release|Any CPU.ActiveCfg = Release|Any CPU
		{CC8F5242-91C1-4869-8CD7-AE6C0C811956}.Release|Any CPU.Build.0 = Release|Any CPU
		{29F74534-FB17-4BF8-BD3A-0F69532D759E}.Debug|Any CPU.ActiveCfg = Debug|Any CPU
		{29F74534-FB17-4BF8-BD3A-0F69532D759E}.Debug|Any CPU.Build.0 = Debug|Any CPU
		{29F74534-FB17-4BF8-BD3A-0F69532D759E}.Release|Any CPU.ActiveCfg = Release|Any CPU
		{29F74534-FB17-4BF8-BD3A-0F69532D759E}.Release|Any CPU.Build.0 = Release|Any CPU
		{9C7E416F-9BF4-477B-9869-F50DAB9D8546}.Debug|Any CPU.ActiveCfg = Debug|Any CPU
		{9C7E416F-9BF4-477B-9869-F50DAB9D8546}.Debug|Any CPU.Build.0 = Debug|Any CPU
		{9C7E416F-9BF4-477B-9869-F50DAB9D8546}.Release|Any CPU.ActiveCfg = Release|Any CPU
		{9C7E416F-9BF4-477B-9869-F50DAB9D8546}.Release|Any CPU.Build.0 = Release|Any CPU
		{7C3C0846-9C6B-4323-85BA-5DCD0F5B2F4B}.Debug|Any CPU.ActiveCfg = Debug|Any CPU
		{7C3C0846-9C6B-4323-85BA-5DCD0F5B2F4B}.Debug|Any CPU.Build.0 = Debug|Any CPU
		{7C3C0846-9C6B-4323-85BA-5DCD0F5B2F4B}.Release|Any CPU.ActiveCfg = Release|Any CPU
		{7C3C0846-9C6B-4323-85BA-5DCD0F5B2F4B}.Release|Any CPU.Build.0 = Release|Any CPU
		{800CD950-5073-463A-B2BE-089C13848C55}.Debug|Any CPU.ActiveCfg = Debug|Any CPU
		{800CD950-5073-463A-B2BE-089C13848C55}.Debug|Any CPU.Build.0 = Debug|Any CPU
		{800CD950-5073-463A-B2BE-089C13848C55}.Release|Any CPU.ActiveCfg = Release|Any CPU
		{800CD950-5073-463A-B2BE-089C13848C55}.Release|Any CPU.Build.0 = Release|Any CPU
	EndGlobalSection
	GlobalSection(SolutionProperties) = preSolution
		HideSolutionNode = FALSE
	EndGlobalSection
	GlobalSection(NestedProjects) = preSolution
		{FACFF378-1128-4CC6-B586-75E48853D54A} = {523AC900-F961-4C9A-82BF-02BCDC25DC6A}
		{CC8F5242-91C1-4869-8CD7-AE6C0C811956} = {68A4DBBC-E799-4066-8BDF-238E6296888A}
		{29F74534-FB17-4BF8-BD3A-0F69532D759E} = {523AC900-F961-4C9A-82BF-02BCDC25DC6A}
		{9C7E416F-9BF4-477B-9869-F50DAB9D8546} = {68A4DBBC-E799-4066-8BDF-238E6296888A}
		{7C3C0846-9C6B-4323-85BA-5DCD0F5B2F4B} = {68A4DBBC-E799-4066-8BDF-238E6296888A}
		{800CD950-5073-463A-B2BE-089C13848C55} = {523AC900-F961-4C9A-82BF-02BCDC25DC6A}
	EndGlobalSection
EndGlobal
